
Microsoft Visual Studio Solution File, Format Version 12.00
# Visual Studio Version 17
VisualStudioVersion = 17.7.34024.191
MinimumVisualStudioVersion = 10.0.40219.1
Project("{9A19103F-16F7-4668-BE54-9A1E7A4F7556}") = "DungeonMaster", "DungeonMaster\DungeonMaster.csproj", "{8C09DA9C-E3C1-4906-B2F2-232B10DF04CA}"
EndProject
Global
	GlobalSection(SolutionConfigurationPlatforms) = preSolution
		Debug|Any CPU = Debug|Any CPU
		Release|Any CPU = Release|Any CPU
	EndGlobalSection
	GlobalSection(ProjectConfigurationPlatforms) = postSolution
		{8C09DA9C-E3C1-4906-B2F2-232B10DF04CA}.Debug|Any CPU.ActiveCfg = Debug|Any CPU
		{8C09DA9C-E3C1-4906-B2F2-232B10DF04CA}.Debug|Any CPU.Build.0 = Debug|Any CPU
		{8C09DA9C-E3C1-4906-B2F2-232B10DF04CA}.Release|Any CPU.ActiveCfg = Release|Any CPU
		{8C09DA9C-E3C1-4906-B2F2-232B10DF04CA}.Release|Any CPU.Build.0 = Release|Any CPU
	EndGlobalSection
	GlobalSection(SolutionProperties) = preSolution
		HideSolutionNode = FALSE
	EndGlobalSection
	GlobalSection(ExtensibilityGlobals) = postSolution
		SolutionGuid = {77225318-1E73-466A-9A5E-ABE563035CAE}
	EndGlobalSection
EndGlobal
